
Microsoft Visual Studio Solution File, Format Version 12.00
# Visual Studio Version 17
VisualStudioVersion = 17.5.33516.290
MinimumVisualStudioVersion = 10.0.40219.1
Project("{FAE04EC0-301F-11D3-BF4B-00C04F79EFBC}") = "GeneraNumerodaTarga", "GeneraNumerodaTarga\GeneraNumerodaTarga.csproj", "{83FB677D-8CD8-440D-8844-8EAD2A07D2B0}"
EndProject
Global
	GlobalSection(SolutionConfigurationPlatforms) = preSolution
		Debug|Any CPU = Debug|Any CPU
		Release|Any CPU = Release|Any CPU
	EndGlobalSection
	GlobalSection(ProjectConfigurationPlatforms) = postSolution
		{83FB677D-8CD8-440D-8844-8EAD2A07D2B0}.Debug|Any CPU.ActiveCfg = Debug|Any CPU
		{83FB677D-8CD8-440D-8844-8EAD2A07D2B0}.Debug|Any CPU.Build.0 = Debug|Any CPU
		{83FB677D-8CD8-440D-8844-8EAD2A07D2B0}.Release|Any CPU.ActiveCfg = Release|Any CPU
		{83FB677D-8CD8-440D-8844-8EAD2A07D2B0}.Release|Any CPU.Build.0 = Release|Any CPU
	EndGlobalSection
	GlobalSection(SolutionProperties) = preSolution
		HideSolutionNode = FALSE
	EndGlobalSection
	GlobalSection(ExtensibilityGlobals) = postSolution
		SolutionGuid = {4E6BF2C7-9A3E-4023-BF6A-E8C566121111}
	EndGlobalSection
EndGlobal
